{
  "name": "@specqr/conformance-lab",
  "version": "0.1.0",
  "lockfileVersion": 3,
  "requires": true,
  "packages": {
    "": {
      "name": "@specqr/conformance-lab",
      "version": "0.1.0",
      "license": "MIT",
      "devDependencies": {
        "jsqr": "1.4.0",
        "nayuki-qr-code-generator": "1.8.0",
        "specqr": "2.4.0"
      },
      "engines": {
        "node": ">=18"
      }
    },
    "node_modules/jsqr": {
      "version": "1.4.0",
      "resolved": "https://registry.npmjs.org/jsqr/-/jsqr-1.4.0.tgz",
      "integrity": "sha512-dxLob7q65Xg2DvstYkRpkYtmKm2sPJ9oFhrhmudT1dZvNFFTlroai3AWSpLey/w5vMcLBXRgOJsbXpdN9HzU/A==",
      "dev": true,
      "license": "Apache-2.0"
    },
    "node_modules/nayuki-qr-code-generator": {
      "version": "1.8.0",
      "resolved": "https://registry.npmjs.org/nayuki-qr-code-generator/-/nayuki-qr-code-generator-1.8.0.tgz",
      "integrity": "sha512-wnpXdJ+zJ+8QzzGJTEnESaRYfNIUHSgX4ykvYuaomqqUbhJdun3v0sK/39BQjw3on/vf7ujPKIg2V07WejjmLw==",
      "dev": true,
      "license": "MIT"
    },
    "node_modules/specqr": {
      "version": "2.4.0",
      "resolved": "https://registry.npmjs.org/specqr/-/specqr-2.4.0.tgz",
      "integrity": "sha512-61R2xjyOe0UWNywIg4GyR47rmS2jQ7s70oIlZzwvz8BdHpvKhPQjm/3AqlbSyHeohoJkg4dId5owo19btp2VSQ==",
      "dev": true,
      "license": "MIT",
      "engines": {
        "node": ">=18"
      }
    }
  }
}
